
Microsoft Visual Studio Solution File, Format Version 12.00
# Visual Studio Version 16
VisualStudioVersion = 16.0.31727.386
MinimumVisualStudioVersion = 10.0.40219.1
Project("{FAE04EC0-301F-11D3-BF4B-00C04F79EFBC}") = "laba3GUI", "laba3GUI.csproj", "{1E0BA523-8C7C-491A-9A0E-C9CE15AD61DB}"
EndProject
Project("{FAE04EC0-301F-11D3-BF4B-00C04F79EFBC}") = "laba3GUITests", "..\laba3GUITests\laba3GUITests.csproj", "{81C91A3B-34BD-4AA8-8295-9C053912B2ED}"
EndProject
Global
	GlobalSection(SolutionConfigurationPlatforms) = preSolution
		Debug|Any CPU = Debug|Any CPU
		Release|Any CPU = Release|Any CPU
	EndGlobalSection
	GlobalSection(ProjectConfigurationPlatforms) = postSolution
		{1E0BA523-8C7C-491A-9A0E-C9CE15AD61DB}.Debug|Any CPU.ActiveCfg = Debug|Any CPU
		{1E0BA523-8C7C-491A-9A0E-C9CE15AD61DB}.Debug|Any CPU.Build.0 = Debug|Any CPU
		{1E0BA523-8C7C-491A-9A0E-C9CE15AD61DB}.Release|Any CPU.ActiveCfg = Release|Any CPU
		{1E0BA523-8C7C-491A-9A0E-C9CE15AD61DB}.Release|Any CPU.Build.0 = Release|Any CPU
		{81C91A3B-34BD-4AA8-8295-9C053912B2ED}.Debug|Any CPU.ActiveCfg = Debug|Any CPU
		{81C91A3B-34BD-4AA8-8295-9C053912B2ED}.Debug|Any CPU.Build.0 = Debug|Any CPU
		{81C91A3B-34BD-4AA8-8295-9C053912B2ED}.Release|Any CPU.ActiveCfg = Release|Any CPU
		{81C91A3B-34BD-4AA8-8295-9C053912B2ED}.Release|Any CPU.Build.0 = Release|Any CPU
	EndGlobalSection
	GlobalSection(SolutionProperties) = preSolution
		HideSolutionNode = FALSE
	EndGlobalSection
	GlobalSection(ExtensibilityGlobals) = postSolution
		SolutionGuid = {60F37FA3-116E-4FCC-A51F-753E18F12312}
	EndGlobalSection
EndGlobal
